{
    "_meta": {
        "hash": {
            "sha256": "f697138e1fdaca0d3b2b99a6b8346d5083c70fa2c83c06cf8ce276fbbfd686e1"
        },
        "pipfile-spec": 6,
        "requires": {
            "python_version": "3.8"
        },
        "sources": [
            {
                "name": "pypi",
                "url": "https://pypi.org/simple",
                "verify_ssl": true
            }
        ]
    },
    "default": {
        "aiohttp": {
            "hashes": [
                "sha256:119feb2bd551e58d83d1b38bfa4cb921af8ddedec9fad7183132db334c3133e0",
                "sha256:16d0683ef8a6d803207f02b899c928223eb219111bd52420ef3d7a8aa76227b6",
                "sha256:2eb3efe243e0f4ecbb654b08444ae6ffab37ac0ef8f69d3a2ffb958905379daf",
                "sha256:2ffea7904e70350da429568113ae422c88d2234ae776519549513c8f217f58a9",
                "sha256:40bd1b101b71a18a528ffce812cc14ff77d4a2a1272dfb8b11b200967489ef3e",
                "sha256:418597633b5cd9639e514b1d748f358832c08cd5d9ef0870026535bd5eaefdd0",
                "sha256:481d4b96969fbfdcc3ff35eea5305d8565a8300410d3d269ccac69e7256b1329",
                "sha256:4c1bdbfdd231a20eee3e56bd0ac1cd88c4ff41b64ab679ed65b75c9c74b6c5c2",
                "sha256:5563ad7fde451b1986d42b9bb9140e2599ecf4f8e42241f6da0d3d624b776f40",
                "sha256:58c62152c4c8731a3152e7e650b29ace18304d086cb5552d317a54ff2749d32a",
                "sha256:5b50e0b9460100fe05d7472264d1975f21ac007b35dcd6fd50279b72925a27f4",
                "sha256:5d84ecc73141d0a0d61ece0742bb7ff5751b0657dab8405f899d3ceb104cc7de",
                "sha256:5dde6d24bacac480be03f4f864e9a67faac5032e28841b00533cd168ab39cad9",
                "sha256:5e91e927003d1ed9283dee9abcb989334fc8e72cf89ebe94dc3e07e3ff0b11e9",
                "sha256:62bc216eafac3204877241569209d9ba6226185aa6d561c19159f2e1cbb6abfb",
                "sha256:6c8200abc9dc5f27203986100579fc19ccad7a832c07d2bc151ce4ff17190076",
                "sha256:6ca56bdfaf825f4439e9e3673775e1032d8b6ea63b8953d3812c71bd6a8b81de",
                "sha256:71680321a8a7176a58dfbc230789790639db78dad61a6e120b39f314f43f1907",
                "sha256:7c7820099e8b3171e54e7eedc33e9450afe7cd08172632d32128bd527f8cb77d",
                "sha256:7dbd087ff2f4046b9b37ba28ed73f15fd0bc9f4fdc8ef6781913da7f808d9536",
                "sha256:822bd4fd21abaa7b28d65fc9871ecabaddc42767884a626317ef5b75c20e8a2d",
                "sha256:8ec1a38074f68d66ccb467ed9a673a726bb397142c273f90d4ba954666e87d54",
                "sha256:950b7ef08b2afdab2488ee2edaff92a03ca500a48f1e1aaa5900e73d6cf992bc",
                "sha256:99c5a5bf7135607959441b7d720d96c8e5c46a1f96e9d6d4c9498be8d5f24212",
                "sha256:b84ad94868e1e6a5e30d30ec419956042815dfaea1b1df1cef623e4564c374d9",
                "sha256:bc3d14bf71a3fb94e5acf5bbf67331ab335467129af6416a437bd6024e4f743d",
                "sha256:c2a80fd9a8d7e41b4e38ea9fe149deed0d6aaede255c497e66b8213274d6d61b",
                "sha256:c44d3c82a933c6cbc21039326767e778eface44fca55c65719921c4b9661a3f7",
                "sha256:cc31e906be1cc121ee201adbdf844522ea3349600dd0a40366611ca18cd40e81",
                "sha256:d5d102e945ecca93bcd9801a7bb2fa703e37ad188a2f81b1e65e4abe4b51b00c",
                "sha256:dd7936f2a6daa861143e376b3a1fb56e9b802f4980923594edd9ca5670974895",
                "sha256:dee68ec462ff10c1d836c0ea2642116aba6151c6880b688e56b4c0246770f297",
                "sha256:e76e78863a4eaec3aee5722d85d04dcbd9844bc6cd3bfa6aa880ff46ad16bfcb",
                "sha256:eab51036cac2da8a50d7ff0ea30be47750547c9aa1aa2cf1a1b710a1827e7dbe",
                "sha256:f4496d8d04da2e98cc9133e238ccebf6a13ef39a93da2e87146c8c8ac9768242",
                "sha256:fbd3b5e18d34683decc00d9a360179ac1e7a320a5fee10ab8053ffd6deab76e0",
                "sha256:feb24ff1226beeb056e247cf2e24bba5232519efb5645121c4aea5b6ad74c1f2"
            ],
            "index": "pypi",
            "version": "==3.7.4"
        },
        "async-timeout": {
            "hashes": [
                "sha256:0c3c816a028d47f659d6ff5c745cb2acf1f966da1fe5c19c77a70282b25f4c5f",
                "sha256:4291ca197d287d274d0b6cb5d6f8f8f82d434ed288f962539ff18cc9012f9ea3"
            ],
            "version": "==3.0.1"
        },
        "attrs": {
            "hashes": [
                "sha256:31b2eced602aa8423c2aea9c76a724617ed67cf9513173fd3a4f03e3a929c7e6",
                "sha256:832aa3cde19744e49938b91fea06d69ecb9e649c93ba974535d08ad92164f700"
            ],
            "version": "==20.3.0"
        },
        "beautifulsoup4": {
            "hashes": [
                "sha256:5279c36b4b2ec2cb4298d723791467e3000e5384a43ea0cdf5d45207c7e97169",
                "sha256:6135db2ba678168c07950f9a16c4031822c6f4aec75a65e0a97bc5ca09789931",
                "sha256:dcdef580e18a76d54002088602eba453eec38ebbcafafeaabd8cab12b6155d57"
            ],
            "index": "pypi",
            "version": "==4.8.1"
        },
        "btrees": {
            "hashes": [
                "sha256:0ed62e790a114ebbf4d6677537687c5c29264210abe4467f49e9bd4c5d6f1170",
                "sha256:1be6ee6d87e2093e09ab51dc56292bda88be722b1c41ce77bb9a7c10ef2ca808",
                "sha256:2304588cd0079c6d25543dc7bdfcafbeba07f85a534c3177e207b2fd8b2f4ef3",
                "sha256:245160e37f6102e0d1146fc9f811e57c3d5a5ec5e0b1961f5906e9972ff53d1d",
                "sha256:2c16d24a39c8f2289b182a99d2717d435f862a6ff6d63081c6dd5b636b6ba456",
                "sha256:2d6d5cdd0fe7d93eb8761c6dc3b25148c7c0e737b2987008c713ef15bf3bec64",
                "sha256:2f019bda00e9758d62518011974ef7403351dc54b4235f8b8d51f1246fe23449",
                "sha256:33dc7cef958c83454245ac170a95920592bea7d42eee35b9eda4d30933e930f4",
                "sha256:436f616eb7b677279ff5124c3d3635f6177bea0a8811d820156be325985c7998",
                "sha256:51eda1e8b59b2d30d38cc680cd586fff81766058557181c4c11f02130a8145c9",
                "sha256:5a15db42ea3844148d9db229ef4e81d5d972cbd34f54d648a0f313cdf838ea21",
                "sha256:66d96cb32dd279f04334f4823ba006458831c58c3b09b4e1e82071a29f0e5ca4",
                "sha256:6dabf85a930337ebc379a873c8edc53cbf42e93bead7887463df080154d48567",
                "sha256:6e3f59c2b22c7186beac13960481b396797701e9daa6e87bb7eac769555f818e",
                "sha256:721f75a0808ed80cd3fbe7a24289956bd8b7553fefa3186505a88b7d895faea1",
                "sha256:7518233bc5ff3c6d91dc22253e132678fe3ac6bc784c8abf5e23ee44b6b689e8",
                "sha256:78db6b07499e76585eef30f96ef6d2240a6c65adbf7961bde6a75af5f314d03f",
                "sha256:79a617e445863168b18f0aa0716d73534f73d69b122af8ee754a4f7367e20deb",
                "sha256:7a27fd62622f9050a0ab68d0cfda56059c7216f828b7e11ed64237a6dcb1aad3",
                "sha256:7ce4a5eb5c135bcb5c06b5bd1ca6fd7fd39d8631306182307ed8bc30d3033846",
                "sha256:7d2e209882b4bc679072fad26121475a6afa0b301ab11276f0ffe5e1095098bc",
                "sha256:8139ce67347cae9febb60ca3bcdf428d2799d70b01b3e2984f67c44dcd37d566",
                "sha256:8a61cc6e9f27582f3b163ca8cdd736f48316215b947a5c9d88326a2fa13e0f4e",
                "sha256:8d3157a4334458fc42a58b2d552071d4e3e2a23d89ac98c868bb43f0386049d6",
                "sha256:975bf01b7494a580f272c40ae3b0b3961973ad4f5d237ba5d790163b151c8b69",
                "sha256:9bb5ab6314c827bf1ef4898664e45f2f5cd2d69e6b1f221a975d90e71470b4cd",
                "sha256:a531d4a71a1362fcd41dfb9dae20277f134f90b701c7e5ab8584a2a89619c14f",
                "sha256:a9b10e24c3e54ae036cd00cf21ea7d8c76a64f0a9bd497404ef1090b8a5b899e",
                "sha256:a9ccf59ed398592fea43c2c7428b35823e80269f075de058ef00234f6015a9d0",
                "sha256:ab72103186da7d64f460f40823180f4bd2408b315f7f1cd564f4c10b0ee65982",
                "sha256:b0ef13f42392af7d77ee32ec101d8f545b186a61f3415f0fcd72f440ff614e31",
                "sha256:b50ebcb7c524c88867e87abfd4a958faa005ed13101fb976613cd2e67241d21b",
                "sha256:b91e5d4495a6a5f7b2d7c61785cb670e1329e10cfc5a0e2c5a924bb4d1a65bc4",
                "sha256:bfa8c2e95b67af53df9a4a9eea3485452a3242a3cab3f9fdb97952b2729c1202",
                "sha256:c31ea09e88faf272bd1c730b8f38a8ca5cc38fd550fa7a48bf69a7bd753e8c96",
                "sha256:c769f1f1b5360ce9263c710ec5c18ee8c29f84d7702fba1959fa48db515ac2b0",
                "sha256:c7c9fae118fd137826366ebafe94225d2e3c3c01b37511226e7166aa03eb79ef",
                "sha256:caf0d93e51bd21bfd7bd3535f177d4b94dcc3c3fe32e41ed2a02c7b1f0a3e3cd",
                "sha256:d58cd77a5dda0f9ae1ebb2e20f6ae90b0a6c940afb5575c02af380c3def69d10",
                "sha256:ebc7325cd03e46c74917852d47872c84523653458de4ce480f36c1faada0300e",
                "sha256:fac25bb42d0b346ef0c4add013e7690133e4921c242ab8323a6680b83a55ea06"
            ],
            "version": "==4.7.2"
        },
        "cffi": {
            "hashes": [
                "sha256:005a36f41773e148deac64b08f233873a4d0c18b053d37da83f6af4d9087b813",
                "sha256:0857f0ae312d855239a55c81ef453ee8fd24136eaba8e87a2eceba644c0d4c06",
                "sha256:1071534bbbf8cbb31b498d5d9db0f274f2f7a865adca4ae429e147ba40f73dea",
                "sha256:158d0d15119b4b7ff6b926536763dc0714313aa59e320ddf787502c70c4d4bee",
                "sha256:1f436816fc868b098b0d63b8920de7d208c90a67212546d02f84fe78a9c26396",
                "sha256:2894f2df484ff56d717bead0a5c2abb6b9d2bf26d6960c4604d5c48bbc30ee73",
                "sha256:29314480e958fd8aab22e4a58b355b629c59bf5f2ac2492b61e3dc06d8c7a315",
                "sha256:34eff4b97f3d982fb93e2831e6750127d1355a923ebaeeb565407b3d2f8d41a1",
                "sha256:35f27e6eb43380fa080dccf676dece30bef72e4a67617ffda586641cd4508d49",
                "sha256:3d3dd4c9e559eb172ecf00a2a7517e97d1e96de2a5e610bd9b68cea3925b4892",
                "sha256:43e0b9d9e2c9e5d152946b9c5fe062c151614b262fda2e7b201204de0b99e482",
                "sha256:48e1c69bbacfc3d932221851b39d49e81567a4d4aac3b21258d9c24578280058",
                "sha256:51182f8927c5af975fece87b1b369f722c570fe169f9880764b1ee3bca8347b5",
                "sha256:58e3f59d583d413809d60779492342801d6e82fefb89c86a38e040c16883be53",
                "sha256:5de7970188bb46b7bf9858eb6890aad302577a5f6f75091fd7cdd3ef13ef3045",
                "sha256:65fa59693c62cf06e45ddbb822165394a288edce9e276647f0046e1ec26920f3",
                "sha256:69e395c24fc60aad6bb4fa7e583698ea6cc684648e1ffb7fe85e3c1ca131a7d5",
                "sha256:6c97d7350133666fbb5cf4abdc1178c812cb205dc6f41d174a7b0f18fb93337e",
                "sha256:6e4714cc64f474e4d6e37cfff31a814b509a35cb17de4fb1999907575684479c",
                "sha256:72d8d3ef52c208ee1c7b2e341f7d71c6fd3157138abf1a95166e6165dd5d4369",
                "sha256:8ae6299f6c68de06f136f1f9e69458eae58f1dacf10af5c17353eae03aa0d827",
                "sha256:8b198cec6c72df5289c05b05b8b0969819783f9418e0409865dac47288d2a053",
                "sha256:99cd03ae7988a93dd00bcd9d0b75e1f6c426063d6f03d2f90b89e29b25b82dfa",
                "sha256:9cf8022fb8d07a97c178b02327b284521c7708d7c71a9c9c355c178ac4bbd3d4",
                "sha256:9de2e279153a443c656f2defd67769e6d1e4163952b3c622dcea5b08a6405322",
                "sha256:9e93e79c2551ff263400e1e4be085a1210e12073a31c2011dbbda14bda0c6132",
                "sha256:9ff227395193126d82e60319a673a037d5de84633f11279e336f9c0f189ecc62",
                "sha256:a465da611f6fa124963b91bf432d960a555563efe4ed1cc403ba5077b15370aa",
                "sha256:ad17025d226ee5beec591b52800c11680fca3df50b8b29fe51d882576e039ee0",
                "sha256:afb29c1ba2e5a3736f1c301d9d0abe3ec8b86957d04ddfa9d7a6a42b9367e396",
                "sha256:b85eb46a81787c50650f2392b9b4ef23e1f126313b9e0e9013b35c15e4288e2e",
                "sha256:bb89f306e5da99f4d922728ddcd6f7fcebb3241fc40edebcb7284d7514741991",
                "sha256:cbde590d4faaa07c72bf979734738f328d239913ba3e043b1e98fe9a39f8b2b6",
                "sha256:cd2868886d547469123fadc46eac7ea5253ea7fcb139f12e1dfc2bbd406427d1",
                "sha256:d42b11d692e11b6634f7613ad8df5d6d5f8875f5d48939520d351007b3c13406",
                "sha256:f2d45f97ab6bb54753eab54fffe75aaf3de4ff2341c9daee1987ee1837636f1d",
                "sha256:fd78e5fee591709f32ef6edb9a015b4aa1a5022598e36227500c8f4e02328d9c"
            ],
            "markers": "platform_python_implementation == 'CPython'",
            "version": "==1.14.5"
        },
        "chardet": {
            "hashes": [
                "sha256:84ab92ed1c4d4f16916e05906b6b75a6c0fb5db821cc65e70cbd64a3e2a5eaae",
                "sha256:fc323ffcaeaed0e0a02bf4d117757b98aed530d9ed4531e3e15460124c106691"
            ],
            "version": "==3.0.4"
        },
        "idna": {
            "hashes": [
                "sha256:5205d03e7bcbb919cc9c19885f9920d622ca52448306f2377daede5cf3faac16",
                "sha256:c5b02147e01ea9920e6b0a3f1f7bb833612d507592c837a6c49552768f4054e1"
            ],
            "version": "==3.1"
        },
        "multidict": {
            "hashes": [
                "sha256:018132dbd8688c7a69ad89c4a3f39ea2f9f33302ebe567a879da8f4ca73f0d0a",
                "sha256:051012ccee979b2b06be928a6150d237aec75dd6bf2d1eeeb190baf2b05abc93",
                "sha256:05c20b68e512166fddba59a918773ba002fdd77800cad9f55b59790030bab632",
                "sha256:07b42215124aedecc6083f1ce6b7e5ec5b50047afa701f3442054373a6deb656",
                "sha256:0e3c84e6c67eba89c2dbcee08504ba8644ab4284863452450520dad8f1e89b79",
                "sha256:0e929169f9c090dae0646a011c8b058e5e5fb391466016b39d21745b48817fd7",
                "sha256:1ab820665e67373de5802acae069a6a05567ae234ddb129f31d290fc3d1aa56d",
                "sha256:25b4e5f22d3a37ddf3effc0710ba692cfc792c2b9edfb9c05aefe823256e84d5",
                "sha256:2e68965192c4ea61fff1b81c14ff712fc7dc15d2bd120602e4a3494ea6584224",
                "sha256:2f1a132f1c88724674271d636e6b7351477c27722f2ed789f719f9e3545a3d26",
                "sha256:37e5438e1c78931df5d3c0c78ae049092877e5e9c02dd1ff5abb9cf27a5914ea",
                "sha256:3a041b76d13706b7fff23b9fc83117c7b8fe8d5fe9e6be45eee72b9baa75f348",
                "sha256:3a4f32116f8f72ecf2a29dabfb27b23ab7cdc0ba807e8459e59a93a9be9506f6",
                "sha256:46c73e09ad374a6d876c599f2328161bcd95e280f84d2060cf57991dec5cfe76",
                "sha256:46dd362c2f045095c920162e9307de5ffd0a1bfbba0a6e990b344366f55a30c1",
                "sha256:4b186eb7d6ae7c06eb4392411189469e6a820da81447f46c0072a41c748ab73f",
                "sha256:54fd1e83a184e19c598d5e70ba508196fd0bbdd676ce159feb412a4a6664f952",
                "sha256:585fd452dd7782130d112f7ddf3473ffdd521414674c33876187e101b588738a",
                "sha256:5cf3443199b83ed9e955f511b5b241fd3ae004e3cb81c58ec10f4fe47c7dce37",
                "sha256:6a4d5ce640e37b0efcc8441caeea8f43a06addace2335bd11151bc02d2ee31f9",
                "sha256:7df80d07818b385f3129180369079bd6934cf70469f99daaebfac89dca288359",
                "sha256:806068d4f86cb06af37cd65821554f98240a19ce646d3cd24e1c33587f313eb8",
                "sha256:830f57206cc96ed0ccf68304141fec9481a096c4d2e2831f311bde1c404401da",
                "sha256:929006d3c2d923788ba153ad0de8ed2e5ed39fdbe8e7be21e2f22ed06c6783d3",
                "sha256:9436dc58c123f07b230383083855593550c4d301d2532045a17ccf6eca505f6d",
                "sha256:9dd6e9b1a913d096ac95d0399bd737e00f2af1e1594a787e00f7975778c8b2bf",
                "sha256:ace010325c787c378afd7f7c1ac66b26313b3344628652eacd149bdd23c68841",
                "sha256:b47a43177a5e65b771b80db71e7be76c0ba23cc8aa73eeeb089ed5219cdbe27d",
                "sha256:b797515be8743b771aa868f83563f789bbd4b236659ba52243b735d80b29ed93",
                "sha256:b7993704f1a4b204e71debe6095150d43b2ee6150fa4f44d6d966ec356a8d61f",
                "sha256:d5c65bdf4484872c4af3150aeebe101ba560dcfb34488d9a8ff8dbcd21079647",
                "sha256:d81eddcb12d608cc08081fa88d046c78afb1bf8107e6feab5d43503fea74a635",
                "sha256:dc862056f76443a0db4509116c5cd480fe1b6a2d45512a653f9a855cc0517456",
                "sha256:ecc771ab628ea281517e24fd2c52e8f31c41e66652d07599ad8818abaad38cda",
                "sha256:f200755768dc19c6f4e2b672421e0ebb3dd54c38d5a4f262b872d8cfcc9e93b5",
                "sha256:f21756997ad8ef815d8ef3d34edd98804ab5ea337feedcd62fb52d22bf531281",
                "sha256:fc13a9524bc18b6fb6e0dbec3533ba0496bbed167c56d0aabefd965584557d80"
            ],
            "version": "==5.1.0"
        },
        "persistent": {
            "hashes": [
                "sha256:00cb4bc51b39c93cf8fcf9227a8b43af6114de7f04a8bc7b7c81bbff6706404b",
                "sha256:039900643c5afda5cc14e043a8a443c4d9a03a640f2008b5cd3864d585ecc48a",
                "sha256:04679b35f3a6d7b75803e7cccf7532eae90799b3624a1597b95a4baf25aa6f05",
                "sha256:1130795b850b2d94c6d42468deebdec5f0c725e7cd7690056cfba25940f98b5e",
                "sha256:2148d5aabe8b65774a4060e49bc5f34395ed3b256bdf8a8d4359c98d6de6419d",
                "sha256:2246a710314830c83d70e9d33a11ab88aa4d085e430ce5e8cbc9a4a7e1173053",
                "sha256:25a3c6e476acf0e2363bbaaba1f84945d1f2d1d6223a0c964afdeb8b90cd4941",
                "sha256:268f63de09a132fb1e40b355c436a53f07d7bcb20d1e52c822f1da7884b5dceb",
                "sha256:28ae6ae103187622679f912af177c20b61d61552797a9693639ca01f067e6206",
                "sha256:2c4dac4a11c3d210ec8cbbce3b497e0f2e688779d8973a38df427c36c041e35b",
                "sha256:39556f6b54267ec130c9b2581c7f06c942663b152f04b46a042375be99ee3f86",
                "sha256:3d292236e775996de4fa06e85f52e71e881e76ce5ff193574b4291707c5e5fc4",
                "sha256:486fccca0c9439e620daacc309ff4c1f1bdeb56a23cd2a6e78bb9025f02accee",
                "sha256:5272320f5885fe9cdf40e8afac8270ad035ce3e887a8f3e3d5d344ba30158a06",
                "sha256:6426c8c6923f4cb90da68815484f24cd4aa4294826e67455cc1f5f16867171ea",
                "sha256:6896d85b295e8d068b6282d93ae5b91b9a3f38d1530370cc478159992a5da958",
                "sha256:69f21578ba2524166de9bccecbeeb915e8b4c42c0967dd0ec53369365b2287b0",
                "sha256:7f3d76e873b5075b2ee5c50892669689e5f7f256d4051ed52e0366ab5fe55fc7",
                "sha256:823970d6ae0dc0425dfb47ec750c5c3e1435ec03e20e04a1f26b278ba755619e",
                "sha256:865bf1e98f442c280c84a321e9397ab01c918648c814a18504815107dc33375e",
                "sha256:89ea2cadfc8894b0d2cb0094df463ed2781de36d51e9208c0e94a31b46dd8e7c",
                "sha256:8a1ebf943f04e82f25ed1d8c5f4b131659189a13edeb879a3ba2dbedae8dcf08",
                "sha256:90479df40af2e06de2c0f0b77aacc3829f753479f985146fda480819d504038d",
                "sha256:94de7c20fea7870799082beac163978d1a9921b2fc1f538a3abd60ecab0442dd",
                "sha256:9bd2ade52408efbb1da3415f6739ef53cc1dc04ac2729bab2f983cf0629e26cd",
                "sha256:b2213a301d05820cb6124cc4a0448759101cca32c433905d2ed6e20cda2a63cb",
                "sha256:b947ffee1ea4289b839b872ffeedb253c59c2d36cc988b1e15729a8362293401",
                "sha256:ba24686c2a8b49fe65448a327e1c2d79f86770c1b8f6ec1acfc00dac0d35526c",
                "sha256:bc47506de22521ba94be20b7a1ee856cbf09e27080cb027b3921c9478fb0a814",
                "sha256:bf10af7dcabe93a9e96ec0523ef9bb2be6d5fa7e19f9e553abd36cf2d822f1d1",
                "sha256:c40224a6ce8bdf7b4ff2bce1441f305f871c5fe46dabfa93d7b2fde66a3332ba",
                "sha256:d1db98d1ee033041bf7162fd5880bc219e8e404282638692ea3b59677846acc4",
                "sha256:d5daeb9d3a72202e796d90798d4ecadedfd8610eae2da9fdfbddfc8a0e34f498",
                "sha256:d65f3fac6faa88048b13bca0978c5b0e5f267ab8ef22d7e8fde9322d4126490e",
                "sha256:db9e8ee8354c3861ba25018e539ba058f2e2fa6dc4263aa9e4d0a87675df8394",
                "sha256:ddabb5e09f0ede39602bbfb2ebcbbcf9dcb0504b1dae538cf322d67c43b40bdb",
                "sha256:f6e0300f20c9349452180f0090ce3b99211e24bea58a6664b945d6322620234e",
                "sha256:f83f54355a44cf8ec38c29ce47b378a8c70444e9a745581dbb13d201a24cb546",
                "sha256:ff4a1ea5c9d5b93666ba1d9b04c2c5a576c23170c10683f6d54a28f744ad3a6a"
            ],
            "version": "==4.6.4"
        },
        "pycparser": {
            "hashes": [
                "sha256:2d475327684562c3a96cc71adf7dc8c4f0565175cf86b6d7a404ff4c771f15f0",
                "sha256:7582ad22678f0fcd81102833f60ef8d0e57288b6b5fb00323d101be910e35705"
            ],
            "version": "==2.20"
        },
        "six": {
            "hashes": [
                "sha256:30639c035cdb23534cd4aa2dd52c3bf48f06e5f4a941509c8bafd8ce11080259",
                "sha256:8b74bedcbbbaca38ff6d7491d76f2b06b3592611af620f8426e82dddb04a5ced"
            ],
            "version": "==1.15.0"
        },
        "soupsieve": {
            "hashes": [
                "sha256:407fa1e8eb3458d1b5614df51d9651a1180ea5fedf07feb46e45d7e25e6d6cdd",
                "sha256:d3a5ea5b350423f47d07639f74475afedad48cf41c0ad7a82ca13a3928af34f6"
            ],
            "version": "==2.2"
        },
        "transaction": {
            "hashes": [
                "sha256:0c15ef0b7ff3518357ceea75722a30d974c3f85e11aa5cec5d5a2b6a40cfcf68",
                "sha256:2329a6e6b82d1d8d4de9267ea6ee790532c375e5911d3c7633a234e94a4a0a9e"
            ],
            "version": "==3.0.1"
        },
        "typing-extensions": {
            "hashes": [
                "sha256:7cb407020f00f7bfc3cb3e7881628838e69d8f3fcab2f64742a5e76b2f841918",
                "sha256:99d4073b617d30288f569d3f13d2bd7548c3a7e4c8de87db09a9d29bb3a4a60c",
                "sha256:dafc7639cde7f1b6e1acc0f457842a83e722ccca8eef5270af2d74792619a89f"
            ],
            "version": "==3.7.4.3"
        },
        "yarl": {
            "hashes": [
                "sha256:00d7ad91b6583602eb9c1d085a2cf281ada267e9a197e8b7cae487dadbfa293e",
                "sha256:0355a701b3998dcd832d0dc47cc5dedf3874f966ac7f870e0f3a6788d802d434",
                "sha256:15263c3b0b47968c1d90daa89f21fcc889bb4b1aac5555580d74565de6836366",
                "sha256:2ce4c621d21326a4a5500c25031e102af589edb50c09b321049e388b3934eec3",
                "sha256:31ede6e8c4329fb81c86706ba8f6bf661a924b53ba191b27aa5fcee5714d18ec",
                "sha256:324ba3d3c6fee56e2e0b0d09bf5c73824b9f08234339d2b788af65e60040c959",
                "sha256:329412812ecfc94a57cd37c9d547579510a9e83c516bc069470db5f75684629e",
                "sha256:4736eaee5626db8d9cda9eb5282028cc834e2aeb194e0d8b50217d707e98bb5c",
                "sha256:4953fb0b4fdb7e08b2f3b3be80a00d28c5c8a2056bb066169de00e6501b986b6",
                "sha256:4c5bcfc3ed226bf6419f7a33982fb4b8ec2e45785a0561eb99274ebbf09fdd6a",
                "sha256:547f7665ad50fa8563150ed079f8e805e63dd85def6674c97efd78eed6c224a6",
                "sha256:5b883e458058f8d6099e4420f0cc2567989032b5f34b271c0827de9f1079a424",
                "sha256:63f90b20ca654b3ecc7a8d62c03ffa46999595f0167d6450fa8383bab252987e",
                "sha256:68dc568889b1c13f1e4745c96b931cc94fdd0defe92a72c2b8ce01091b22e35f",
                "sha256:69ee97c71fee1f63d04c945f56d5d726483c4762845400a6795a3b75d56b6c50",
                "sha256:6d6283d8e0631b617edf0fd726353cb76630b83a089a40933043894e7f6721e2",
                "sha256:72a660bdd24497e3e84f5519e57a9ee9220b6f3ac4d45056961bf22838ce20cc",
                "sha256:73494d5b71099ae8cb8754f1df131c11d433b387efab7b51849e7e1e851f07a4",
                "sha256:7356644cbed76119d0b6bd32ffba704d30d747e0c217109d7979a7bc36c4d970",
                "sha256:8a9066529240171b68893d60dca86a763eae2139dd42f42106b03cf4b426bf10",
                "sha256:8aa3decd5e0e852dc68335abf5478a518b41bf2ab2f330fe44916399efedfae0",
                "sha256:97b5bdc450d63c3ba30a127d018b866ea94e65655efaf889ebeabc20f7d12406",
                "sha256:9ede61b0854e267fd565e7527e2f2eb3ef8858b301319be0604177690e1a3896",
                "sha256:b2e9a456c121e26d13c29251f8267541bd75e6a1ccf9e859179701c36a078643",
                "sha256:b5dfc9a40c198334f4f3f55880ecf910adebdcb2a0b9a9c23c9345faa9185721",
                "sha256:bafb450deef6861815ed579c7a6113a879a6ef58aed4c3a4be54400ae8871478",
                "sha256:c49ff66d479d38ab863c50f7bb27dee97c6627c5fe60697de15529da9c3de724",
                "sha256:ce3beb46a72d9f2190f9e1027886bfc513702d748047b548b05dab7dfb584d2e",
                "sha256:d26608cf178efb8faa5ff0f2d2e77c208f471c5a3709e577a7b3fd0445703ac8",
                "sha256:d597767fcd2c3dc49d6eea360c458b65643d1e4dbed91361cf5e36e53c1f8c96",
                "sha256:d5c32c82990e4ac4d8150fd7652b972216b204de4e83a122546dce571c1bdf25",
                "sha256:d8d07d102f17b68966e2de0e07bfd6e139c7c02ef06d3a0f8d2f0f055e13bb76",
                "sha256:e46fba844f4895b36f4c398c5af062a9808d1f26b2999c58909517384d5deda2",
                "sha256:e6b5460dc5ad42ad2b36cca524491dfcaffbfd9c8df50508bddc354e787b8dc2",
                "sha256:f040bcc6725c821a4c0665f3aa96a4d0805a7aaf2caf266d256b8ed71b9f041c",
                "sha256:f0b059678fd549c66b89bed03efcabb009075bd131c248ecdf087bdb6faba24a",
                "sha256:fcbb48a93e8699eae920f8d92f7160c03567b421bc17362a9ffbbd706a816f71"
            ],
            "version": "==1.6.3"
        },
        "zc.lockfile": {
            "hashes": [
                "sha256:307ad78227e48be260e64896ec8886edc7eae22d8ec53e4d528ab5537a83203b",
                "sha256:cc33599b549f0c8a248cb72f3bf32d77712de1ff7ee8814312eb6456b42c015f"
            ],
            "version": "==2.0"
        },
        "zconfig": {
            "hashes": [
                "sha256:572fb7e88b70feb3231f8e52210120154689d2a613d477cbc184a03c4789d072",
                "sha256:a094e492ac31025f5b5a58b32a7c7f03e2e2899c8beb4c1601ea00653bf3ea68"
            ],
            "version": "==3.5.0"
        },
        "zodb": {
            "hashes": [
                "sha256:20155942fa326e89ad8544225bafd74237af332ce9d7c7105a22318fe8269666",
                "sha256:7b25ecb452033e1b26be30ec5a65ebb004044c9ed4312d62f94b0d0de8e185b5"
            ],
            "index": "pypi",
            "version": "==5.5.1"
        },
        "zodbpickle": {
            "hashes": [
                "sha256:07426bb81f7fee4b872e8298e2e560f5b7696fa43d9640d82c1c8dd2fb75979c",
                "sha256:0c94b57b19afb8a64af489221173d7ae7331ea1085eac24a3b0e1a33d1cd62ea",
                "sha256:13d85de2e050c025571906316e500076d0b7db66f8af716cf803e55b2f4bf116",
                "sha256:14a3044959d98f5bab39c081a2974c1fc40bd8f241cc6c1d838dcd567ce6c8c1",
                "sha256:159cef791efb1614ca827c43f90c667acc946df3ac2a223cf2be170299cbef73",
                "sha256:1c436f2bc74ac8f932bdab0ea418f6faed5794bfc98c066ba57064b5b1247a79",
                "sha256:1c4fd0bca3400124bdb7088fce037b837abf623fc3fe7372a259fba82f2d8e51",
                "sha256:2075aa83989f502a21d0421cfd0940d723e7f444130fb559368f40df2e8f2ff5",
                "sha256:20c072efb83fb640f7b290a41d4cdd012a75962f1424687c407e3e41539416af",
                "sha256:2a1435ffd6b10ee84800f779d89d9f298cf13169f5054cc79a592e5d19a55ace",
                "sha256:3071fe1cf5b801a5b7d6e9fdd08b86dcfe28a0a95b0377c4dc686966e6625ef0",
                "sha256:3c481d1eea5d9c44dd084760bf487b0d9aec28fc5b8d72c0a93305db40971270",
                "sha256:4bdfb9077d080c17fa45917ab807dc2a64b45ead15c8a05f9fab72605fda402a",
                "sha256:5ed8373265d2465055cd2535f8ac278958361a0f6f5c01fbc96e614fbc173396",
                "sha256:61a5351f5a18b45512a90297eefc7eaa4de7c0d2cc7c33a97ad41703dde1bac3",
                "sha256:6475f47fc4e8300ba1ae6291521618f77dc4e625d376c0324d41430ef059a49c",
                "sha256:6d91a079d4d71cbc57a289ffb66f535545bab675f8ba117426a415e66ddeb128",
                "sha256:6fa56012000f855537f485bb5b63fdfcdb0979731e96a44f73671a9c41b65275",
                "sha256:77ee3acfc4fa53f73a7d26a197c0e9a574417aa1fa5baa2dcffb0db64c7ef30c",
                "sha256:8e9d6d7e9b6e422fa9fee3ebade138c487a11943e8a7c530ee1422592c4a85a5",
                "sha256:927e799306598a1891c994a4e5fad9f6c7c7c8cab262dc76ed72b1f381b573d3",
                "sha256:956d258a24999f9ec3058eb8f2cb83189a0eb28960657e33939d14b4d7641ef5",
                "sha256:973e9fd9b476bb22bd30746054c69166b2b25498800a6e8011b527c1f63b3ea5",
                "sha256:99508306afc15fa22265cfa8e6015a447c7ed9e4b2142a77a09037ba6b2fdac5",
                "sha256:a0632c746f4633421f4535276d8843ebe6a3ef31421845dc80d529a73c3d9ba0",
                "sha256:b0039c6d66bec36c1c45293f2b06f48bb8f3700470b53e41e26ba974a843730e",
                "sha256:c041bc2f5b1724d01e81e5a08056cd784235a4e1bbd5dc0b471a1f5594522cfe",
                "sha256:c04d3faa2bf4d5eb802617b30214976b648de8d31a848e130d0ae1081ebcee80",
                "sha256:c5355599f298cca7afa3637f8279cb14a04ff335334dcfc6ef406450d65e29e6",
                "sha256:c7479ddfccd5f3e6d2dd53074e03b111a3841990a439b819811e40ea379159d8",
                "sha256:ca44c619e9a5f9090312f0c2ebd8fea35a971bedde117f6e431266bd7c4d432d",
                "sha256:cfccdc2032f7e6558a2dab79035a23b6a8d81c1437b925777d9aafaf5b0b150d",
                "sha256:d4b1664237527900f0df3a490687e7ae9cf307c5a98f30a7e6bafdcf975719ca",
                "sha256:daae681a52c8243ce00ce0c713fab5a602ecd4a8dcc7ef88afb0afcda3f1a48b",
                "sha256:dd6a89106803ccbb49673f52edce45af7d16a2c8c96364dc44ab290cd61f2932",
                "sha256:e0d9930f46d41f086a763f40a12d014c46bbc5e19e728c8d66d7a06fef616739",
                "sha256:e137b217ae0fe37154844c3484db93467c3ff09de5ea58bbbe357a9e31a327ab",
                "sha256:e4d35648c879802ad1499d177da2f9f23c345ec19e4304d2377ad6ce7f2b6045",
                "sha256:eb12c14cbd04c0c4c97fbfdc0014219f1680e2d16165410eada20b9dff0dc02d",
                "sha256:eccd771516d9dbc902da803331cad83e7a1f0e605a703d0e057c3bfedb892d0c"
            ],
            "version": "==2.0.0"
        },
        "zope.interface": {
            "hashes": [
                "sha256:05a97ba92c1c7c26f25c9f671aa1ef85ffead6cdad13770e5b689cf983adc7e1",
                "sha256:07d61722dd7d85547b7c6b0f5486b4338001fab349f2ac5cabc0b7182eb3425d",
                "sha256:0a990dcc97806e5980bbb54b2e46b9cde9e48932d8e6984daf71ef1745516123",
                "sha256:150e8bcb7253a34a4535aeea3de36c0bb3b1a6a47a183a95d65a194b3e07f232",
                "sha256:1743bcfe45af8846b775086471c28258f4c6e9ee8ef37484de4495f15a98b549",
                "sha256:1b5f6c8fff4ed32aa2dd43e84061bc8346f32d3ba6ad6e58f088fe109608f102",
                "sha256:21e49123f375703cf824214939d39df0af62c47d122d955b2a8d9153ea08cfd5",
                "sha256:21f579134a47083ffb5ddd1307f0405c91aa8b61ad4be6fd5af0171474fe0c45",
                "sha256:27c267dc38a0f0079e96a2945ee65786d38ef111e413c702fbaaacbab6361d00",
                "sha256:299bde0ab9e5c4a92f01a152b7fbabb460f31343f1416f9b7b983167ab1e33bc",
                "sha256:2ab88d8f228f803fcb8cb7d222c579d13dab2d3622c51e8cf321280da01102a7",
                "sha256:2ced4c35061eea623bc84c7711eedce8ecc3c2c51cd9c6afa6290df3bae9e104",
                "sha256:2dcab01c660983ba5e5a612e0c935141ccbee67d2e2e14b833e01c2354bd8034",
                "sha256:32546af61a9a9b141ca38d971aa6eb9800450fa6620ce6323cc30eec447861f3",
                "sha256:32b40a4c46d199827d79c86bb8cb88b1bbb764f127876f2cb6f3a47f63dbada3",
                "sha256:3cc94c69f6bd48ed86e8e24f358cb75095c8129827df1298518ab860115269a4",
                "sha256:42b278ac0989d6f5cf58d7e0828ea6b5951464e3cf2ff229dd09a96cb6ba0c86",
                "sha256:495b63fd0302f282ee6c1e6ea0f1c12cb3d1a49c8292d27287f01845ff252a96",
                "sha256:4af87cdc0d4b14e600e6d3d09793dce3b7171348a094ba818e2a68ae7ee67546",
                "sha256:4b94df9f2fdde7b9314321bab8448e6ad5a23b80542dcab53e329527d4099dcb",
                "sha256:4c48ddb63e2b20fba4c6a2bf81b4d49e99b6d4587fb67a6cd33a2c1f003af3e3",
                "sha256:4df9afd17bd5477e9f8c8b6bb8507e18dd0f8b4efe73bb99729ff203279e9e3b",
                "sha256:518950fe6a5d56f94ba125107895f938a4f34f704c658986eae8255edb41163b",
                "sha256:538298e4e113ccb8b41658d5a4b605bebe75e46a30ceca22a5a289cf02c80bec",
                "sha256:55465121e72e208a7b69b53de791402affe6165083b2ea71b892728bd19ba9ae",
                "sha256:588384d70a0f19b47409cfdb10e0c27c20e4293b74fc891df3d8eb47782b8b3e",
                "sha256:6278c080d4afffc9016e14325f8734456831124e8c12caa754fd544435c08386",
                "sha256:64ea6c221aeee4796860405e1aedec63424cda4202a7ad27a5066876db5b0fd2",
                "sha256:681dbb33e2b40262b33fd383bae63c36d33fd79fa1a8e4092945430744ffd34a",
                "sha256:6936aa9da390402d646a32a6a38d5409c2d2afb2950f045a7d02ab25a4e7d08d",
                "sha256:778d0ec38bbd288b150a3ae363c8ffd88d2207a756842495e9bffd8a8afbc89a",
                "sha256:8251f06a77985a2729a8bdbefbae79ee78567dddc3acbd499b87e705ca59fe24",
                "sha256:83b4aa5344cce005a9cff5d0321b2e318e871cc1dfc793b66c32dd4f59e9770d",
                "sha256:844fad925ac5c2ad4faaceb3b2520ad016b5280105c6e16e79838cf951903a7b",
                "sha256:8ceb3667dd13b8133f2e4d637b5b00f240f066448e2aa89a41f4c2d78a26ce50",
                "sha256:92dc0fb79675882d0b6138be4bf0cec7ea7c7eede60aaca78303d8e8dbdaa523",
                "sha256:9789bd945e9f5bd026ed3f5b453d640befb8b1fc33a779c1fe8d3eb21fe3fb4a",
                "sha256:a2b6d6eb693bc2fc6c484f2e5d93bd0b0da803fa77bf974f160533e555e4d095",
                "sha256:aab9f1e34d810feb00bf841993552b8fcc6ae71d473c505381627143d0018a6a",
                "sha256:abb61afd84f23099ac6099d804cdba9bd3b902aaaded3ffff47e490b0a495520",
                "sha256:adf9ee115ae8ff8b6da4b854b4152f253b390ba64407a22d75456fe07dcbda65",
                "sha256:aedc6c672b351afe6dfe17ff83ee5e7eb6ed44718f879a9328a68bdb20b57e11",
                "sha256:b7a00ecb1434f8183395fac5366a21ee73d14900082ca37cf74993cf46baa56c",
                "sha256:ba32f4a91c1cb7314c429b03afbf87b1fff4fb1c8db32260e7310104bd77f0c7",
                "sha256:cbd0f2cbd8689861209cd89141371d3a22a11613304d1f0736492590aa0ab332",
                "sha256:e4bc372b953bf6cec65a8d48482ba574f6e051621d157cf224227dbb55486b1e",
                "sha256:eccac3d9aadc68e994b6d228cb0c8919fc47a5350d85a1b4d3d81d1e98baf40c",
                "sha256:efd550b3da28195746bb43bd1d815058181a7ca6d9d6aa89dd37f5eefe2cacb7",
                "sha256:efef581c8ba4d990770875e1a2218e856849d32ada2680e53aebc5d154a17e20",
                "sha256:f057897711a630a0b7a6a03f1acf379b6ba25d37dc5dc217a97191984ba7f2fc",
                "sha256:f37d45fab14ffef9d33a0dc3bc59ce0c5313e2253323312d47739192da94f5fd",
                "sha256:f44906f70205d456d503105023041f1e63aece7623b31c390a0103db4de17537"
            ],
            "version": "==5.2.0"
        }
    },
    "develop": {}
}
